
Microsoft Visual Studio Solution File, Format Version 12.00
# Visual Studio Version 17
VisualStudioVersion = 17.1.32328.378
MinimumVisualStudioVersion = 10.0.40219.1
Project("{FAE04EC0-301F-11D3-BF4B-00C04F79EFBC}") = "BulkyBookWeb", "BulkyBookWeb\BulkyBookWeb.csproj", "{7F6A3E69-02F9-4F97-8445-1F45554EEDAD}"
EndProject
Global
	GlobalSection(SolutionConfigurationPlatforms) = preSolution
		Debug|Any CPU = Debug|Any CPU
		Release|Any CPU = Release|Any CPU
	EndGlobalSection
	GlobalSection(ProjectConfigurationPlatforms) = postSolution
		{7F6A3E69-02F9-4F97-8445-1F45554EEDAD}.Debug|Any CPU.ActiveCfg = Debug|Any CPU
		{7F6A3E69-02F9-4F97-8445-1F45554EEDAD}.Debug|Any CPU.Build.0 = Debug|Any CPU
		{7F6A3E69-02F9-4F97-8445-1F45554EEDAD}.Release|Any CPU.ActiveCfg = Release|Any CPU
		{7F6A3E69-02F9-4F97-8445-1F45554EEDAD}.Release|Any CPU.Build.0 = Release|Any CPU
	EndGlobalSection
	GlobalSection(SolutionProperties) = preSolution
		HideSolutionNode = FALSE
	EndGlobalSection
	GlobalSection(ExtensibilityGlobals) = postSolution
		SolutionGuid = {8532CD81-CE77-486E-98DF-4C40BC6C288B}
	EndGlobalSection
EndGlobal
